
Microsoft Visual Studio Solution File, Format Version 12.00
# Visual Studio Version 17
VisualStudioVersion = 17.3.32929.385
MinimumVisualStudioVersion = 10.0.40219.1
Project("{FAE04EC0-301F-11D3-BF4B-00C04F79EFBC}") = "WPF_PR15_Mebel_Palashicheva", "WPF_PR15_Mebel_Palashicheva.csproj", "{575BA44D-4D1D-468D-BE76-68B9D9DA53DD}"
EndProject
Global
	GlobalSection(SolutionConfigurationPlatforms) = preSolution
		Debug|Any CPU = Debug|Any CPU
		Release|Any CPU = Release|Any CPU
	EndGlobalSection
	GlobalSection(ProjectConfigurationPlatforms) = postSolution
		{575BA44D-4D1D-468D-BE76-68B9D9DA53DD}.Debug|Any CPU.ActiveCfg = Debug|Any CPU
		{575BA44D-4D1D-468D-BE76-68B9D9DA53DD}.Debug|Any CPU.Build.0 = Debug|Any CPU
		{575BA44D-4D1D-468D-BE76-68B9D9DA53DD}.Release|Any CPU.ActiveCfg = Release|Any CPU
		{575BA44D-4D1D-468D-BE76-68B9D9DA53DD}.Release|Any CPU.Build.0 = Release|Any CPU
	EndGlobalSection
	GlobalSection(SolutionProperties) = preSolution
		HideSolutionNode = FALSE
	EndGlobalSection
	GlobalSection(ExtensibilityGlobals) = postSolution
		SolutionGuid = {E309569F-52A4-4861-A6FF-1BEB527EC758}
	EndGlobalSection
EndGlobal
